
Microsoft Visual Studio Solution File, Format Version 12.00
# Visual Studio 15
VisualStudioVersion = 15.0.28010.2026
MinimumVisualStudioVersion = 10.0.40219.1
Project("{9A19103F-16F7-4668-BE54-9A1E7A4F7556}") = "Customers.Pn", "Customers.Pn\Customers.Pn.csproj", "{98A94F2C-4EE1-40BA-A264-B2809731865A}"
EndProject
Project("{2150E333-8FDC-42A3-9474-1A3956D46DE8}") = "Test", "Test", "{17AD14FC-E430-401C-93B8-B11D4CEB481F}"
EndProject
Project("{9A19103F-16F7-4668-BE54-9A1E7A4F7556}") = "Customers.Pn.Test", "Customers.Pn.Test\Customers.Pn.Test.csproj", "{5C74C876-1258-4A0D-B7DA-7CC3E80A1F9A}"
EndProject
Global
	GlobalSection(SolutionConfigurationPlatforms) = preSolution
		Debug|Any CPU = Debug|Any CPU
		Release|Any CPU = Release|Any CPU
	EndGlobalSection
	GlobalSection(ProjectConfigurationPlatforms) = postSolution
		{98A94F2C-4EE1-40BA-A264-B2809731865A}.Debug|Any CPU.ActiveCfg = Debug|Any CPU
		{98A94F2C-4EE1-40BA-A264-B2809731865A}.Debug|Any CPU.Build.0 = Debug|Any CPU
		{98A94F2C-4EE1-40BA-A264-B2809731865A}.Release|Any CPU.ActiveCfg = Release|Any CPU
		{98A94F2C-4EE1-40BA-A264-B2809731865A}.Release|Any CPU.Build.0 = Release|Any CPU
		{5C74C876-1258-4A0D-B7DA-7CC3E80A1F9A}.Debug|Any CPU.ActiveCfg = Debug|Any CPU
		{5C74C876-1258-4A0D-B7DA-7CC3E80A1F9A}.Debug|Any CPU.Build.0 = Debug|Any CPU
		{5C74C876-1258-4A0D-B7DA-7CC3E80A1F9A}.Release|Any CPU.ActiveCfg = Release|Any CPU
		{5C74C876-1258-4A0D-B7DA-7CC3E80A1F9A}.Release|Any CPU.Build.0 = Release|Any CPU
	EndGlobalSection
	GlobalSection(SolutionProperties) = preSolution
		HideSolutionNode = FALSE
	EndGlobalSection
	GlobalSection(NestedProjects) = preSolution
		{5C74C876-1258-4A0D-B7DA-7CC3E80A1F9A} = {17AD14FC-E430-401C-93B8-B11D4CEB481F}
	EndGlobalSection
	GlobalSection(ExtensibilityGlobals) = postSolution
		SolutionGuid = {A0ADCE5B-6C98-404E-8E1C-94D4E8D0A87D}
	EndGlobalSection
EndGlobal
