
Microsoft Visual Studio Solution File, Format Version 12.00
# Visual Studio 15
VisualStudioVersion = 15.0.28307.168
MinimumVisualStudioVersion = 10.0.40219.1
Project("{FAE04EC0-301F-11D3-BF4B-00C04F79EFBC}") = "TrashInspection.Pn", "TrashInspection.Pn\TrashInspection.Pn.csproj", "{6772A5C1-A330-4790-A9DC-9C8BF3F25AEE}"
EndProject
Project("{2150E333-8FDC-42A3-9474-1A3956D46DE8}") = "Test", "Test", "{DBE76B30-0478-4EE7-AF77-B81587EAEE19}"
EndProject
Project("{FAE04EC0-301F-11D3-BF4B-00C04F79EFBC}") = "TrashInspection.Pn.Test", "TrashInspection.Pn.Test\TrashInspection.Pn.Test.csproj", "{4B6A4B98-5AC2-478F-AC1E-0B67BAEC4E75}"
EndProject
Global
	GlobalSection(SolutionConfigurationPlatforms) = preSolution
		Debug|Any CPU = Debug|Any CPU
		Release|Any CPU = Release|Any CPU
	EndGlobalSection
	GlobalSection(ProjectConfigurationPlatforms) = postSolution
		{6772A5C1-A330-4790-A9DC-9C8BF3F25AEE}.Debug|Any CPU.ActiveCfg = Debug|Any CPU
		{6772A5C1-A330-4790-A9DC-9C8BF3F25AEE}.Debug|Any CPU.Build.0 = Debug|Any CPU
		{6772A5C1-A330-4790-A9DC-9C8BF3F25AEE}.Release|Any CPU.ActiveCfg = Release|Any CPU
		{6772A5C1-A330-4790-A9DC-9C8BF3F25AEE}.Release|Any CPU.Build.0 = Release|Any CPU
		{4B6A4B98-5AC2-478F-AC1E-0B67BAEC4E75}.Debug|Any CPU.ActiveCfg = Debug|Any CPU
		{4B6A4B98-5AC2-478F-AC1E-0B67BAEC4E75}.Debug|Any CPU.Build.0 = Debug|Any CPU
		{4B6A4B98-5AC2-478F-AC1E-0B67BAEC4E75}.Release|Any CPU.ActiveCfg = Release|Any CPU
		{4B6A4B98-5AC2-478F-AC1E-0B67BAEC4E75}.Release|Any CPU.Build.0 = Release|Any CPU
	EndGlobalSection
	GlobalSection(SolutionProperties) = preSolution
		HideSolutionNode = FALSE
	EndGlobalSection
	GlobalSection(NestedProjects) = preSolution
		{4B6A4B98-5AC2-478F-AC1E-0B67BAEC4E75} = {DBE76B30-0478-4EE7-AF77-B81587EAEE19}
	EndGlobalSection
	GlobalSection(ExtensibilityGlobals) = postSolution
		SolutionGuid = {C227B290-2F81-4797-84A5-DC3F27894DD2}
	EndGlobalSection
EndGlobal
