
Microsoft Visual Studio Solution File, Format Version 12.00
# Visual Studio Version 16
VisualStudioVersion = 16.0.29215.179
MinimumVisualStudioVersion = 10.0.40219.1
Project("{9A19103F-16F7-4668-BE54-9A1E7A4F7556}") = "InsightDashboard.Pn", "InsightDashboard.Pn\InsightDashboard.Pn.csproj", "{7F155937-1625-4CBE-9BDE-99C2ACEE84C1}"
EndProject
Project("{2150E333-8FDC-42A3-9474-1A3956D46DE8}") = "Test", "Test", "{6D5A051C-8AB9-4A25-BE21-30B6DB5B185E}"
EndProject
Project("{9A19103F-16F7-4668-BE54-9A1E7A4F7556}") = "InsightDashboard.Pn.Test", "InsightDashboard.Pn.Test\InsightDashboard.Pn.Test.csproj", "{04865C42-B758-4A27-96BA-771990F3DDF2}"
EndProject
Global
	GlobalSection(SolutionConfigurationPlatforms) = preSolution
		Debug|Any CPU = Debug|Any CPU
		Release|Any CPU = Release|Any CPU
	EndGlobalSection
	GlobalSection(ProjectConfigurationPlatforms) = postSolution
		{7F155937-1625-4CBE-9BDE-99C2ACEE84C1}.Debug|Any CPU.ActiveCfg = Debug|Any CPU
		{7F155937-1625-4CBE-9BDE-99C2ACEE84C1}.Debug|Any CPU.Build.0 = Debug|Any CPU
		{7F155937-1625-4CBE-9BDE-99C2ACEE84C1}.Release|Any CPU.ActiveCfg = Release|Any CPU
		{7F155937-1625-4CBE-9BDE-99C2ACEE84C1}.Release|Any CPU.Build.0 = Release|Any CPU
		{04865C42-B758-4A27-96BA-771990F3DDF2}.Debug|Any CPU.ActiveCfg = Debug|Any CPU
		{04865C42-B758-4A27-96BA-771990F3DDF2}.Debug|Any CPU.Build.0 = Debug|Any CPU
		{04865C42-B758-4A27-96BA-771990F3DDF2}.Release|Any CPU.ActiveCfg = Release|Any CPU
		{04865C42-B758-4A27-96BA-771990F3DDF2}.Release|Any CPU.Build.0 = Release|Any CPU
		{82860D74-7283-471C-B60D-6CEC825F195A}.Debug|Any CPU.ActiveCfg = Debug|Any CPU
		{82860D74-7283-471C-B60D-6CEC825F195A}.Debug|Any CPU.Build.0 = Debug|Any CPU
		{82860D74-7283-471C-B60D-6CEC825F195A}.Release|Any CPU.ActiveCfg = Release|Any CPU
		{82860D74-7283-471C-B60D-6CEC825F195A}.Release|Any CPU.Build.0 = Release|Any CPU
	EndGlobalSection
	GlobalSection(SolutionProperties) = preSolution
		HideSolutionNode = FALSE
	EndGlobalSection
	GlobalSection(NestedProjects) = preSolution
		{04865C42-B758-4A27-96BA-771990F3DDF2} = {6D5A051C-8AB9-4A25-BE21-30B6DB5B185E}
	EndGlobalSection
	GlobalSection(ExtensibilityGlobals) = postSolution
		SolutionGuid = {A4B368EE-F2DB-4884-8EAB-903AE4DAC4C6}
	EndGlobalSection
EndGlobal
