
Microsoft Visual Studio Solution File, Format Version 12.00
# Visual Studio 15
VisualStudioVersion = 15.0.28010.2019
MinimumVisualStudioVersion = 10.0.40219.1
Project("{9A19103F-16F7-4668-BE54-9A1E7A4F7556}") = "eFormAPI.Web", "eFormAPI.Web\eFormAPI.Web.csproj", "{701DF5E7-71CC-4187-835F-2C9E8056956B}"
EndProject
Project("{2150E333-8FDC-42A3-9474-1A3956D46DE8}") = "Tests", "Tests", "{131801C5-16CB-459B-8130-1E87CB8AE316}"
EndProject
Project("{9A19103F-16F7-4668-BE54-9A1E7A4F7556}") = "eFormAPI.Web.Tests", "eFormAPI.Web.Tests\eFormAPI.Web.Tests.csproj", "{703802AA-5C65-43F0-8DFE-C81954EE7B04}"
EndProject
Project("{9A19103F-16F7-4668-BE54-9A1E7A4F7556}") = "eFormAPI.Web.Integration.Tests", "eFormAPI.Web.Integration.Tests\eFormAPI.Web.Integration.Tests.csproj", "{608BF97D-0220-4EAC-9BCC-7C3FBC50A7D6}"
EndProject
Project("{2150E333-8FDC-42A3-9474-1A3956D46DE8}") = "DevOps", "DevOps", "{6336CFAA-297B-4F55-94EF-5F4CC2D879A7}"
EndProject
Project("{2150E333-8FDC-42A3-9474-1A3956D46DE8}") = "Plugins", "Plugins", "{4B30E560-4624-45EE-B2EA-5ED09BEAF07D}"
EndProject
Global
	GlobalSection(SolutionConfigurationPlatforms) = preSolution
		Debug|Any CPU = Debug|Any CPU
		Debug|x64 = Debug|x64
		Debug|x86 = Debug|x86
		Release|Any CPU = Release|Any CPU
		Release|x64 = Release|x64
		Release|x86 = Release|x86
	EndGlobalSection
	GlobalSection(ProjectConfigurationPlatforms) = postSolution
		{701DF5E7-71CC-4187-835F-2C9E8056956B}.Debug|Any CPU.ActiveCfg = Debug|Any CPU
		{701DF5E7-71CC-4187-835F-2C9E8056956B}.Debug|Any CPU.Build.0 = Debug|Any CPU
		{701DF5E7-71CC-4187-835F-2C9E8056956B}.Debug|x64.ActiveCfg = Debug|Any CPU
		{701DF5E7-71CC-4187-835F-2C9E8056956B}.Debug|x64.Build.0 = Debug|Any CPU
		{701DF5E7-71CC-4187-835F-2C9E8056956B}.Debug|x86.ActiveCfg = Debug|Any CPU
		{701DF5E7-71CC-4187-835F-2C9E8056956B}.Debug|x86.Build.0 = Debug|Any CPU
		{701DF5E7-71CC-4187-835F-2C9E8056956B}.Release|Any CPU.ActiveCfg = Release|Any CPU
		{701DF5E7-71CC-4187-835F-2C9E8056956B}.Release|Any CPU.Build.0 = Release|Any CPU
		{701DF5E7-71CC-4187-835F-2C9E8056956B}.Release|x64.ActiveCfg = Release|Any CPU
		{701DF5E7-71CC-4187-835F-2C9E8056956B}.Release|x86.ActiveCfg = Release|Any CPU
		{701DF5E7-71CC-4187-835F-2C9E8056956B}.Release|x86.Build.0 = Release|Any CPU
		{703802AA-5C65-43F0-8DFE-C81954EE7B04}.Debug|Any CPU.ActiveCfg = Debug|Any CPU
		{703802AA-5C65-43F0-8DFE-C81954EE7B04}.Debug|Any CPU.Build.0 = Debug|Any CPU
		{703802AA-5C65-43F0-8DFE-C81954EE7B04}.Debug|x64.ActiveCfg = Debug|Any CPU
		{703802AA-5C65-43F0-8DFE-C81954EE7B04}.Debug|x64.Build.0 = Debug|Any CPU
		{703802AA-5C65-43F0-8DFE-C81954EE7B04}.Debug|x86.ActiveCfg = Debug|Any CPU
		{703802AA-5C65-43F0-8DFE-C81954EE7B04}.Debug|x86.Build.0 = Debug|Any CPU
		{703802AA-5C65-43F0-8DFE-C81954EE7B04}.Release|Any CPU.ActiveCfg = Release|Any CPU
		{703802AA-5C65-43F0-8DFE-C81954EE7B04}.Release|Any CPU.Build.0 = Release|Any CPU
		{703802AA-5C65-43F0-8DFE-C81954EE7B04}.Release|x64.ActiveCfg = Release|Any CPU
		{703802AA-5C65-43F0-8DFE-C81954EE7B04}.Release|x86.ActiveCfg = Release|Any CPU
		{703802AA-5C65-43F0-8DFE-C81954EE7B04}.Release|x86.Build.0 = Release|Any CPU
		{608BF97D-0220-4EAC-9BCC-7C3FBC50A7D6}.Debug|Any CPU.ActiveCfg = Debug|Any CPU
		{608BF97D-0220-4EAC-9BCC-7C3FBC50A7D6}.Debug|Any CPU.Build.0 = Debug|Any CPU
		{608BF97D-0220-4EAC-9BCC-7C3FBC50A7D6}.Debug|x64.ActiveCfg = Debug|Any CPU
		{608BF97D-0220-4EAC-9BCC-7C3FBC50A7D6}.Debug|x64.Build.0 = Debug|Any CPU
		{608BF97D-0220-4EAC-9BCC-7C3FBC50A7D6}.Debug|x86.ActiveCfg = Debug|Any CPU
		{608BF97D-0220-4EAC-9BCC-7C3FBC50A7D6}.Debug|x86.Build.0 = Debug|Any CPU
		{608BF97D-0220-4EAC-9BCC-7C3FBC50A7D6}.Release|Any CPU.ActiveCfg = Release|Any CPU
		{608BF97D-0220-4EAC-9BCC-7C3FBC50A7D6}.Release|Any CPU.Build.0 = Release|Any CPU
		{608BF97D-0220-4EAC-9BCC-7C3FBC50A7D6}.Release|x64.ActiveCfg = Release|Any CPU
		{608BF97D-0220-4EAC-9BCC-7C3FBC50A7D6}.Release|x86.ActiveCfg = Release|Any CPU
		{608BF97D-0220-4EAC-9BCC-7C3FBC50A7D6}.Release|x86.Build.0 = Release|Any CPU
		{415EEA8B-0A45-4BAC-BD18-F9B1F432FF47}.Debug|Any CPU.ActiveCfg = Debug|Any CPU
		{415EEA8B-0A45-4BAC-BD18-F9B1F432FF47}.Debug|Any CPU.Build.0 = Debug|Any CPU
		{415EEA8B-0A45-4BAC-BD18-F9B1F432FF47}.Debug|x64.ActiveCfg = Debug|Any CPU
		{415EEA8B-0A45-4BAC-BD18-F9B1F432FF47}.Debug|x64.Build.0 = Debug|Any CPU
		{415EEA8B-0A45-4BAC-BD18-F9B1F432FF47}.Debug|x86.ActiveCfg = Debug|Any CPU
		{415EEA8B-0A45-4BAC-BD18-F9B1F432FF47}.Debug|x86.Build.0 = Debug|Any CPU
		{415EEA8B-0A45-4BAC-BD18-F9B1F432FF47}.Release|Any CPU.ActiveCfg = Release|Any CPU
		{415EEA8B-0A45-4BAC-BD18-F9B1F432FF47}.Release|Any CPU.Build.0 = Release|Any CPU
		{415EEA8B-0A45-4BAC-BD18-F9B1F432FF47}.Release|x64.ActiveCfg = Release|Any CPU
		{415EEA8B-0A45-4BAC-BD18-F9B1F432FF47}.Release|x64.Build.0 = Release|Any CPU
		{415EEA8B-0A45-4BAC-BD18-F9B1F432FF47}.Release|x86.ActiveCfg = Release|Any CPU
		{415EEA8B-0A45-4BAC-BD18-F9B1F432FF47}.Release|x86.Build.0 = Release|Any CPU
		{A90B55DE-52D0-47E4-8B93-8DAD0CCCC4A5}.Debug|Any CPU.ActiveCfg = Debug|Any CPU
		{A90B55DE-52D0-47E4-8B93-8DAD0CCCC4A5}.Debug|Any CPU.Build.0 = Debug|Any CPU
		{A90B55DE-52D0-47E4-8B93-8DAD0CCCC4A5}.Debug|x64.ActiveCfg = Debug|Any CPU
		{A90B55DE-52D0-47E4-8B93-8DAD0CCCC4A5}.Debug|x64.Build.0 = Debug|Any CPU
		{A90B55DE-52D0-47E4-8B93-8DAD0CCCC4A5}.Debug|x86.ActiveCfg = Debug|Any CPU
		{A90B55DE-52D0-47E4-8B93-8DAD0CCCC4A5}.Debug|x86.Build.0 = Debug|Any CPU
		{A90B55DE-52D0-47E4-8B93-8DAD0CCCC4A5}.Release|Any CPU.ActiveCfg = Release|Any CPU
		{A90B55DE-52D0-47E4-8B93-8DAD0CCCC4A5}.Release|Any CPU.Build.0 = Release|Any CPU
		{A90B55DE-52D0-47E4-8B93-8DAD0CCCC4A5}.Release|x64.ActiveCfg = Release|Any CPU
		{A90B55DE-52D0-47E4-8B93-8DAD0CCCC4A5}.Release|x64.Build.0 = Release|Any CPU
		{A90B55DE-52D0-47E4-8B93-8DAD0CCCC4A5}.Release|x86.ActiveCfg = Release|Any CPU
		{A90B55DE-52D0-47E4-8B93-8DAD0CCCC4A5}.Release|x86.Build.0 = Release|Any CPU
		{6AD3AD4C-F0C4-4A51-8395-B6984A1BE1DD}.Debug|Any CPU.ActiveCfg = Debug|Any CPU
		{6AD3AD4C-F0C4-4A51-8395-B6984A1BE1DD}.Debug|Any CPU.Build.0 = Debug|Any CPU
		{6AD3AD4C-F0C4-4A51-8395-B6984A1BE1DD}.Debug|x64.ActiveCfg = Debug|Any CPU
		{6AD3AD4C-F0C4-4A51-8395-B6984A1BE1DD}.Debug|x64.Build.0 = Debug|Any CPU
		{6AD3AD4C-F0C4-4A51-8395-B6984A1BE1DD}.Debug|x86.ActiveCfg = Debug|Any CPU
		{6AD3AD4C-F0C4-4A51-8395-B6984A1BE1DD}.Debug|x86.Build.0 = Debug|Any CPU
		{6AD3AD4C-F0C4-4A51-8395-B6984A1BE1DD}.Release|Any CPU.ActiveCfg = Release|Any CPU
		{6AD3AD4C-F0C4-4A51-8395-B6984A1BE1DD}.Release|Any CPU.Build.0 = Release|Any CPU
		{6AD3AD4C-F0C4-4A51-8395-B6984A1BE1DD}.Release|x64.ActiveCfg = Release|Any CPU
		{6AD3AD4C-F0C4-4A51-8395-B6984A1BE1DD}.Release|x64.Build.0 = Release|Any CPU
		{6AD3AD4C-F0C4-4A51-8395-B6984A1BE1DD}.Release|x86.ActiveCfg = Release|Any CPU
		{6AD3AD4C-F0C4-4A51-8395-B6984A1BE1DD}.Release|x86.Build.0 = Release|Any CPU
		{6A5DB916-01FB-4A43-B0BB-169EDC928B0B}.Debug|Any CPU.ActiveCfg = Debug|Any CPU
		{6A5DB916-01FB-4A43-B0BB-169EDC928B0B}.Debug|Any CPU.Build.0 = Debug|Any CPU
		{6A5DB916-01FB-4A43-B0BB-169EDC928B0B}.Debug|x64.ActiveCfg = Debug|Any CPU
		{6A5DB916-01FB-4A43-B0BB-169EDC928B0B}.Debug|x64.Build.0 = Debug|Any CPU
		{6A5DB916-01FB-4A43-B0BB-169EDC928B0B}.Debug|x86.ActiveCfg = Debug|Any CPU
		{6A5DB916-01FB-4A43-B0BB-169EDC928B0B}.Debug|x86.Build.0 = Debug|Any CPU
		{6A5DB916-01FB-4A43-B0BB-169EDC928B0B}.Release|Any CPU.ActiveCfg = Release|Any CPU
		{6A5DB916-01FB-4A43-B0BB-169EDC928B0B}.Release|Any CPU.Build.0 = Release|Any CPU
		{6A5DB916-01FB-4A43-B0BB-169EDC928B0B}.Release|x64.ActiveCfg = Release|Any CPU
		{6A5DB916-01FB-4A43-B0BB-169EDC928B0B}.Release|x64.Build.0 = Release|Any CPU
		{6A5DB916-01FB-4A43-B0BB-169EDC928B0B}.Release|x86.ActiveCfg = Release|Any CPU
		{6A5DB916-01FB-4A43-B0BB-169EDC928B0B}.Release|x86.Build.0 = Release|Any CPU
		{95326014-8C6E-4378-8CC6-3B458033BA97}.Debug|Any CPU.ActiveCfg = Debug|Any CPU
		{95326014-8C6E-4378-8CC6-3B458033BA97}.Debug|Any CPU.Build.0 = Debug|Any CPU
		{95326014-8C6E-4378-8CC6-3B458033BA97}.Debug|x64.ActiveCfg = Debug|Any CPU
		{95326014-8C6E-4378-8CC6-3B458033BA97}.Debug|x64.Build.0 = Debug|Any CPU
		{95326014-8C6E-4378-8CC6-3B458033BA97}.Debug|x86.ActiveCfg = Debug|Any CPU
		{95326014-8C6E-4378-8CC6-3B458033BA97}.Debug|x86.Build.0 = Debug|Any CPU
		{95326014-8C6E-4378-8CC6-3B458033BA97}.Release|Any CPU.ActiveCfg = Release|Any CPU
		{95326014-8C6E-4378-8CC6-3B458033BA97}.Release|Any CPU.Build.0 = Release|Any CPU
		{95326014-8C6E-4378-8CC6-3B458033BA97}.Release|x64.ActiveCfg = Release|Any CPU
		{95326014-8C6E-4378-8CC6-3B458033BA97}.Release|x64.Build.0 = Release|Any CPU
		{95326014-8C6E-4378-8CC6-3B458033BA97}.Release|x86.ActiveCfg = Release|Any CPU
		{95326014-8C6E-4378-8CC6-3B458033BA97}.Release|x86.Build.0 = Release|Any CPU
		{76DD5347-13C2-42A1-89AC-C8CFE12709E0}.Debug|Any CPU.ActiveCfg = Debug|Any CPU
		{76DD5347-13C2-42A1-89AC-C8CFE12709E0}.Debug|Any CPU.Build.0 = Debug|Any CPU
		{76DD5347-13C2-42A1-89AC-C8CFE12709E0}.Debug|x64.ActiveCfg = Debug|Any CPU
		{76DD5347-13C2-42A1-89AC-C8CFE12709E0}.Debug|x64.Build.0 = Debug|Any CPU
		{76DD5347-13C2-42A1-89AC-C8CFE12709E0}.Debug|x86.ActiveCfg = Debug|Any CPU
		{76DD5347-13C2-42A1-89AC-C8CFE12709E0}.Debug|x86.Build.0 = Debug|Any CPU
		{76DD5347-13C2-42A1-89AC-C8CFE12709E0}.Release|Any CPU.ActiveCfg = Release|Any CPU
		{76DD5347-13C2-42A1-89AC-C8CFE12709E0}.Release|Any CPU.Build.0 = Release|Any CPU
		{76DD5347-13C2-42A1-89AC-C8CFE12709E0}.Release|x64.ActiveCfg = Release|Any CPU
		{76DD5347-13C2-42A1-89AC-C8CFE12709E0}.Release|x64.Build.0 = Release|Any CPU
		{76DD5347-13C2-42A1-89AC-C8CFE12709E0}.Release|x86.ActiveCfg = Release|Any CPU
		{76DD5347-13C2-42A1-89AC-C8CFE12709E0}.Release|x86.Build.0 = Release|Any CPU
		{4B8517D5-9FA6-4E62-9B92-72C922F71FAC}.Debug|Any CPU.ActiveCfg = Debug|Any CPU
		{4B8517D5-9FA6-4E62-9B92-72C922F71FAC}.Debug|Any CPU.Build.0 = Debug|Any CPU
		{4B8517D5-9FA6-4E62-9B92-72C922F71FAC}.Debug|x64.ActiveCfg = Debug|Any CPU
		{4B8517D5-9FA6-4E62-9B92-72C922F71FAC}.Debug|x64.Build.0 = Debug|Any CPU
		{4B8517D5-9FA6-4E62-9B92-72C922F71FAC}.Debug|x86.ActiveCfg = Debug|Any CPU
		{4B8517D5-9FA6-4E62-9B92-72C922F71FAC}.Debug|x86.Build.0 = Debug|Any CPU
		{4B8517D5-9FA6-4E62-9B92-72C922F71FAC}.Release|Any CPU.ActiveCfg = Release|Any CPU
		{4B8517D5-9FA6-4E62-9B92-72C922F71FAC}.Release|Any CPU.Build.0 = Release|Any CPU
		{4B8517D5-9FA6-4E62-9B92-72C922F71FAC}.Release|x64.ActiveCfg = Release|Any CPU
		{4B8517D5-9FA6-4E62-9B92-72C922F71FAC}.Release|x64.Build.0 = Release|Any CPU
		{4B8517D5-9FA6-4E62-9B92-72C922F71FAC}.Release|x86.ActiveCfg = Release|Any CPU
		{4B8517D5-9FA6-4E62-9B92-72C922F71FAC}.Release|x86.Build.0 = Release|Any CPU
		{88AF55E2-430B-489E-B870-D70AAB5E39C4}.Debug|Any CPU.ActiveCfg = Debug|Any CPU
		{88AF55E2-430B-489E-B870-D70AAB5E39C4}.Debug|Any CPU.Build.0 = Debug|Any CPU
		{88AF55E2-430B-489E-B870-D70AAB5E39C4}.Debug|x64.ActiveCfg = Debug|Any CPU
		{88AF55E2-430B-489E-B870-D70AAB5E39C4}.Debug|x64.Build.0 = Debug|Any CPU
		{88AF55E2-430B-489E-B870-D70AAB5E39C4}.Debug|x86.ActiveCfg = Debug|Any CPU
		{88AF55E2-430B-489E-B870-D70AAB5E39C4}.Debug|x86.Build.0 = Debug|Any CPU
		{88AF55E2-430B-489E-B870-D70AAB5E39C4}.Release|Any CPU.ActiveCfg = Release|Any CPU
		{88AF55E2-430B-489E-B870-D70AAB5E39C4}.Release|Any CPU.Build.0 = Release|Any CPU
		{88AF55E2-430B-489E-B870-D70AAB5E39C4}.Release|x64.ActiveCfg = Release|Any CPU
		{88AF55E2-430B-489E-B870-D70AAB5E39C4}.Release|x64.Build.0 = Release|Any CPU
		{88AF55E2-430B-489E-B870-D70AAB5E39C4}.Release|x86.ActiveCfg = Release|Any CPU
		{88AF55E2-430B-489E-B870-D70AAB5E39C4}.Release|x86.Build.0 = Release|Any CPU
		{D4FB2214-4662-4939-8576-4DC98E056BEF}.Debug|Any CPU.ActiveCfg = Debug|Any CPU
		{D4FB2214-4662-4939-8576-4DC98E056BEF}.Debug|Any CPU.Build.0 = Debug|Any CPU
		{D4FB2214-4662-4939-8576-4DC98E056BEF}.Debug|x64.ActiveCfg = Debug|Any CPU
		{D4FB2214-4662-4939-8576-4DC98E056BEF}.Debug|x64.Build.0 = Debug|Any CPU
		{D4FB2214-4662-4939-8576-4DC98E056BEF}.Debug|x86.ActiveCfg = Debug|Any CPU
		{D4FB2214-4662-4939-8576-4DC98E056BEF}.Debug|x86.Build.0 = Debug|Any CPU
		{D4FB2214-4662-4939-8576-4DC98E056BEF}.Release|Any CPU.ActiveCfg = Release|Any CPU
		{D4FB2214-4662-4939-8576-4DC98E056BEF}.Release|Any CPU.Build.0 = Release|Any CPU
		{D4FB2214-4662-4939-8576-4DC98E056BEF}.Release|x64.ActiveCfg = Release|Any CPU
		{D4FB2214-4662-4939-8576-4DC98E056BEF}.Release|x64.Build.0 = Release|Any CPU
		{D4FB2214-4662-4939-8576-4DC98E056BEF}.Release|x86.ActiveCfg = Release|Any CPU
		{D4FB2214-4662-4939-8576-4DC98E056BEF}.Release|x86.Build.0 = Release|Any CPU
		{D91015D1-FE45-4B16-A5AC-9E3995CDD17B}.Debug|Any CPU.ActiveCfg = Debug|Any CPU
		{D91015D1-FE45-4B16-A5AC-9E3995CDD17B}.Debug|Any CPU.Build.0 = Debug|Any CPU
		{D91015D1-FE45-4B16-A5AC-9E3995CDD17B}.Debug|x64.ActiveCfg = Debug|Any CPU
		{D91015D1-FE45-4B16-A5AC-9E3995CDD17B}.Debug|x64.Build.0 = Debug|Any CPU
		{D91015D1-FE45-4B16-A5AC-9E3995CDD17B}.Debug|x86.ActiveCfg = Debug|Any CPU
		{D91015D1-FE45-4B16-A5AC-9E3995CDD17B}.Debug|x86.Build.0 = Debug|Any CPU
		{D91015D1-FE45-4B16-A5AC-9E3995CDD17B}.Release|Any CPU.ActiveCfg = Release|Any CPU
		{D91015D1-FE45-4B16-A5AC-9E3995CDD17B}.Release|Any CPU.Build.0 = Release|Any CPU
		{D91015D1-FE45-4B16-A5AC-9E3995CDD17B}.Release|x64.ActiveCfg = Release|Any CPU
		{D91015D1-FE45-4B16-A5AC-9E3995CDD17B}.Release|x64.Build.0 = Release|Any CPU
		{D91015D1-FE45-4B16-A5AC-9E3995CDD17B}.Release|x86.ActiveCfg = Release|Any CPU
		{D91015D1-FE45-4B16-A5AC-9E3995CDD17B}.Release|x86.Build.0 = Release|Any CPU
		{19A395D1-650A-4598-A564-9F8368D98741}.Debug|Any CPU.ActiveCfg = Debug|Any CPU
		{19A395D1-650A-4598-A564-9F8368D98741}.Debug|Any CPU.Build.0 = Debug|Any CPU
		{19A395D1-650A-4598-A564-9F8368D98741}.Debug|x64.ActiveCfg = Debug|Any CPU
		{19A395D1-650A-4598-A564-9F8368D98741}.Debug|x64.Build.0 = Debug|Any CPU
		{19A395D1-650A-4598-A564-9F8368D98741}.Debug|x86.ActiveCfg = Debug|Any CPU
		{19A395D1-650A-4598-A564-9F8368D98741}.Debug|x86.Build.0 = Debug|Any CPU
		{19A395D1-650A-4598-A564-9F8368D98741}.Release|Any CPU.ActiveCfg = Release|Any CPU
		{19A395D1-650A-4598-A564-9F8368D98741}.Release|Any CPU.Build.0 = Release|Any CPU
		{19A395D1-650A-4598-A564-9F8368D98741}.Release|x64.ActiveCfg = Release|Any CPU
		{19A395D1-650A-4598-A564-9F8368D98741}.Release|x64.Build.0 = Release|Any CPU
		{19A395D1-650A-4598-A564-9F8368D98741}.Release|x86.ActiveCfg = Release|Any CPU
		{19A395D1-650A-4598-A564-9F8368D98741}.Release|x86.Build.0 = Release|Any CPU
		{FBBA18C9-2725-452B-9837-009E1B6E6BEA}.Debug|Any CPU.ActiveCfg = Debug|Any CPU
		{FBBA18C9-2725-452B-9837-009E1B6E6BEA}.Debug|Any CPU.Build.0 = Debug|Any CPU
		{FBBA18C9-2725-452B-9837-009E1B6E6BEA}.Debug|x64.ActiveCfg = Debug|Any CPU
		{FBBA18C9-2725-452B-9837-009E1B6E6BEA}.Debug|x64.Build.0 = Debug|Any CPU
		{FBBA18C9-2725-452B-9837-009E1B6E6BEA}.Debug|x86.ActiveCfg = Debug|Any CPU
		{FBBA18C9-2725-452B-9837-009E1B6E6BEA}.Debug|x86.Build.0 = Debug|Any CPU
		{FBBA18C9-2725-452B-9837-009E1B6E6BEA}.Release|Any CPU.ActiveCfg = Release|Any CPU
		{FBBA18C9-2725-452B-9837-009E1B6E6BEA}.Release|Any CPU.Build.0 = Release|Any CPU
		{FBBA18C9-2725-452B-9837-009E1B6E6BEA}.Release|x64.ActiveCfg = Release|Any CPU
		{FBBA18C9-2725-452B-9837-009E1B6E6BEA}.Release|x64.Build.0 = Release|Any CPU
		{FBBA18C9-2725-452B-9837-009E1B6E6BEA}.Release|x86.ActiveCfg = Release|Any CPU
		{FBBA18C9-2725-452B-9837-009E1B6E6BEA}.Release|x86.Build.0 = Release|Any CPU
	EndGlobalSection
	GlobalSection(SolutionProperties) = preSolution
		HideSolutionNode = FALSE
	EndGlobalSection
	GlobalSection(NestedProjects) = preSolution
		{703802AA-5C65-43F0-8DFE-C81954EE7B04} = {131801C5-16CB-459B-8130-1E87CB8AE316}
		{608BF97D-0220-4EAC-9BCC-7C3FBC50A7D6} = {131801C5-16CB-459B-8130-1E87CB8AE316}
	EndGlobalSection
	GlobalSection(ExtensibilityGlobals) = postSolution
		SolutionGuid = {0F38F222-1D6F-47EB-AAF2-B091C96A93FD}
	EndGlobalSection
EndGlobal
