
Microsoft Visual Studio Solution File, Format Version 12.00
# Visual Studio 15
VisualStudioVersion = 15.0.27130.2036
MinimumVisualStudioVersion = 10.0.40219.1
Project("{FAE04EC0-301F-11D3-BF4B-00C04F79EFBC}") = "eFormAPI.Web", "eFormAPI\eFormAPI.Web.csproj", "{54404CF9-A407-4F55-BC26-B243099E29A8}"
EndProject
Project("{2150E333-8FDC-42A3-9474-1A3956D46DE8}") = "Installation", "Installation", "{DF4D5E9C-F43E-471F-BCEF-81C1363192AB}"
EndProject
Project("{FAE04EC0-301F-11D3-BF4B-00C04F79EFBC}") = "CustomActions", "Installation\CustomActions\CustomActions.csproj", "{768280FF-C359-4E58-8B5C-1F682B41CC24}"
	ProjectSection(ProjectDependencies) = postProject
		{2B167169-F122-4F1F-9881-0DC8C07585B8} = {2B167169-F122-4F1F-9881-0DC8C07585B8}
	EndProjectSection
EndProject
Project("{930C7802-8A8C-48F9-8165-68863BCCD9DD}") = "InstallBundle", "Installation\Bundle\InstallBundle.wixproj", "{B63F5F50-AA5B-4BC2-AC61-B2A94B62C042}"
EndProject
Project("{930C7802-8A8C-48F9-8165-68863BCCD9DD}") = "MainInstaller", "Installation\MainInstaller\MainInstaller.wixproj", "{2B339DEF-FB4F-4987-A361-8B95410C438B}"
	ProjectSection(ProjectDependencies) = postProject
		{2B167169-F122-4F1F-9881-0DC8C07585B8} = {2B167169-F122-4F1F-9881-0DC8C07585B8}
		{54404CF9-A407-4F55-BC26-B243099E29A8} = {54404CF9-A407-4F55-BC26-B243099E29A8}
	EndProjectSection
EndProject
Project("{FAE04EC0-301F-11D3-BF4B-00C04F79EFBC}") = "AllowMultipleVersions", "Installation\AllowMultipleVersions\AllowMultipleVersions.csproj", "{2B167169-F122-4F1F-9881-0DC8C07585B8}"
EndProject
Project("{FAE04EC0-301F-11D3-BF4B-00C04F79EFBC}") = "AllowMultipleVersionsBundle", "Installation\AllowMultipleVersionsBundle\AllowMultipleVersionsBundle.csproj", "{FF3054DF-B9E9-49A9-9BCE-384C2E657262}"
	ProjectSection(ProjectDependencies) = postProject
		{B63F5F50-AA5B-4BC2-AC61-B2A94B62C042} = {B63F5F50-AA5B-4BC2-AC61-B2A94B62C042}
	EndProjectSection
EndProject
Project("{2150E333-8FDC-42A3-9474-1A3956D46DE8}") = "DevOps", "DevOps", "{A7687BC5-30C2-407C-B36C-055D8F832C00}"
	ProjectSection(SolutionItems) = preProject
		CodeCoverage.runsettings = CodeCoverage.runsettings
		TestSettings.runsettings = TestSettings.runsettings
	EndProjectSection
EndProject
Project("{2150E333-8FDC-42A3-9474-1A3956D46DE8}") = "Tests", "Tests", "{44725724-AC44-466C-BDEC-3A0038DE0F7B}"
EndProject
Project("{FAE04EC0-301F-11D3-BF4B-00C04F79EFBC}") = "eFormApi.Tests", "eFormApi.Tests\eFormApi.Tests.csproj", "{12D13BC6-8F04-4409-941C-DCFB60B00D05}"
EndProject
Project("{FAE04EC0-301F-11D3-BF4B-00C04F79EFBC}") = "eFormApi.Integration.Tests", "eFormApi.Integration.Tests\eFormApi.Integration.Tests.csproj", "{CC6EA000-5ADF-47B3-8182-DFF8A932830C}"
EndProject
Global
	GlobalSection(SolutionConfigurationPlatforms) = preSolution
		Debug|Any CPU = Debug|Any CPU
		Debug|x64 = Debug|x64
		Debug|x86 = Debug|x86
		Release|Any CPU = Release|Any CPU
		Release|x64 = Release|x64
		Release|x86 = Release|x86
	EndGlobalSection
	GlobalSection(ProjectConfigurationPlatforms) = postSolution
		{54404CF9-A407-4F55-BC26-B243099E29A8}.Debug|Any CPU.ActiveCfg = Debug|Any CPU
		{54404CF9-A407-4F55-BC26-B243099E29A8}.Debug|x64.ActiveCfg = Debug|x64
		{54404CF9-A407-4F55-BC26-B243099E29A8}.Debug|x64.Build.0 = Debug|x64
		{54404CF9-A407-4F55-BC26-B243099E29A8}.Debug|x86.ActiveCfg = Debug|Any CPU
		{54404CF9-A407-4F55-BC26-B243099E29A8}.Debug|x86.Build.0 = Debug|Any CPU
		{54404CF9-A407-4F55-BC26-B243099E29A8}.Release|Any CPU.ActiveCfg = Release|Any CPU
		{54404CF9-A407-4F55-BC26-B243099E29A8}.Release|Any CPU.Build.0 = Release|Any CPU
		{54404CF9-A407-4F55-BC26-B243099E29A8}.Release|x64.ActiveCfg = Release|x64
		{54404CF9-A407-4F55-BC26-B243099E29A8}.Release|x64.Build.0 = Release|x64
		{54404CF9-A407-4F55-BC26-B243099E29A8}.Release|x86.ActiveCfg = Release|Any CPU
		{54404CF9-A407-4F55-BC26-B243099E29A8}.Release|x86.Build.0 = Release|Any CPU
		{768280FF-C359-4E58-8B5C-1F682B41CC24}.Debug|Any CPU.ActiveCfg = Debug|x86
		{768280FF-C359-4E58-8B5C-1F682B41CC24}.Debug|Any CPU.Build.0 = Debug|x86
		{768280FF-C359-4E58-8B5C-1F682B41CC24}.Debug|x64.ActiveCfg = Debug|x64
		{768280FF-C359-4E58-8B5C-1F682B41CC24}.Debug|x86.ActiveCfg = Debug|x86
		{768280FF-C359-4E58-8B5C-1F682B41CC24}.Debug|x86.Build.0 = Debug|x86
		{768280FF-C359-4E58-8B5C-1F682B41CC24}.Release|Any CPU.ActiveCfg = Release|x86
		{768280FF-C359-4E58-8B5C-1F682B41CC24}.Release|x64.ActiveCfg = Release|x64
		{768280FF-C359-4E58-8B5C-1F682B41CC24}.Release|x64.Build.0 = Release|x64
		{768280FF-C359-4E58-8B5C-1F682B41CC24}.Release|x86.ActiveCfg = Release|x86
		{768280FF-C359-4E58-8B5C-1F682B41CC24}.Release|x86.Build.0 = Release|x86
		{B63F5F50-AA5B-4BC2-AC61-B2A94B62C042}.Debug|Any CPU.ActiveCfg = Debug|x86
		{B63F5F50-AA5B-4BC2-AC61-B2A94B62C042}.Debug|x64.ActiveCfg = Debug|x86
		{B63F5F50-AA5B-4BC2-AC61-B2A94B62C042}.Debug|x86.ActiveCfg = Debug|x86
		{B63F5F50-AA5B-4BC2-AC61-B2A94B62C042}.Debug|x86.Build.0 = Debug|x86
		{B63F5F50-AA5B-4BC2-AC61-B2A94B62C042}.Release|Any CPU.ActiveCfg = Release|x86
		{B63F5F50-AA5B-4BC2-AC61-B2A94B62C042}.Release|x64.ActiveCfg = Release|x86
		{B63F5F50-AA5B-4BC2-AC61-B2A94B62C042}.Release|x64.Build.0 = Release|x86
		{B63F5F50-AA5B-4BC2-AC61-B2A94B62C042}.Release|x86.ActiveCfg = Release|x86
		{B63F5F50-AA5B-4BC2-AC61-B2A94B62C042}.Release|x86.Build.0 = Release|x86
		{2B339DEF-FB4F-4987-A361-8B95410C438B}.Debug|Any CPU.ActiveCfg = Debug|x86
		{2B339DEF-FB4F-4987-A361-8B95410C438B}.Debug|Any CPU.Build.0 = Debug|x86
		{2B339DEF-FB4F-4987-A361-8B95410C438B}.Debug|x64.ActiveCfg = Debug|x86
		{2B339DEF-FB4F-4987-A361-8B95410C438B}.Debug|x86.ActiveCfg = Debug|x86
		{2B339DEF-FB4F-4987-A361-8B95410C438B}.Debug|x86.Build.0 = Debug|x86
		{2B339DEF-FB4F-4987-A361-8B95410C438B}.Release|Any CPU.ActiveCfg = Release|x86
		{2B339DEF-FB4F-4987-A361-8B95410C438B}.Release|x64.ActiveCfg = Release|x86
		{2B339DEF-FB4F-4987-A361-8B95410C438B}.Release|x64.Build.0 = Release|x86
		{2B339DEF-FB4F-4987-A361-8B95410C438B}.Release|x86.ActiveCfg = Release|x86
		{2B339DEF-FB4F-4987-A361-8B95410C438B}.Release|x86.Build.0 = Release|x86
		{2B167169-F122-4F1F-9881-0DC8C07585B8}.Debug|Any CPU.ActiveCfg = Debug|Any CPU
		{2B167169-F122-4F1F-9881-0DC8C07585B8}.Debug|Any CPU.Build.0 = Debug|Any CPU
		{2B167169-F122-4F1F-9881-0DC8C07585B8}.Debug|x64.ActiveCfg = Debug|x64
		{2B167169-F122-4F1F-9881-0DC8C07585B8}.Debug|x86.ActiveCfg = Debug|Any CPU
		{2B167169-F122-4F1F-9881-0DC8C07585B8}.Debug|x86.Build.0 = Debug|Any CPU
		{2B167169-F122-4F1F-9881-0DC8C07585B8}.Release|Any CPU.ActiveCfg = Release|Any CPU
		{2B167169-F122-4F1F-9881-0DC8C07585B8}.Release|Any CPU.Build.0 = Release|Any CPU
		{2B167169-F122-4F1F-9881-0DC8C07585B8}.Release|x64.ActiveCfg = Release|x64
		{2B167169-F122-4F1F-9881-0DC8C07585B8}.Release|x64.Build.0 = Release|x64
		{2B167169-F122-4F1F-9881-0DC8C07585B8}.Release|x86.ActiveCfg = Release|Any CPU
		{2B167169-F122-4F1F-9881-0DC8C07585B8}.Release|x86.Build.0 = Release|Any CPU
		{FF3054DF-B9E9-49A9-9BCE-384C2E657262}.Debug|Any CPU.ActiveCfg = Debug|Any CPU
		{FF3054DF-B9E9-49A9-9BCE-384C2E657262}.Debug|Any CPU.Build.0 = Debug|Any CPU
		{FF3054DF-B9E9-49A9-9BCE-384C2E657262}.Debug|x64.ActiveCfg = Debug|x64
		{FF3054DF-B9E9-49A9-9BCE-384C2E657262}.Debug|x86.ActiveCfg = Debug|Any CPU
		{FF3054DF-B9E9-49A9-9BCE-384C2E657262}.Debug|x86.Build.0 = Debug|Any CPU
		{FF3054DF-B9E9-49A9-9BCE-384C2E657262}.Release|Any CPU.ActiveCfg = Release|Any CPU
		{FF3054DF-B9E9-49A9-9BCE-384C2E657262}.Release|Any CPU.Build.0 = Release|Any CPU
		{FF3054DF-B9E9-49A9-9BCE-384C2E657262}.Release|x64.ActiveCfg = Release|x64
		{FF3054DF-B9E9-49A9-9BCE-384C2E657262}.Release|x64.Build.0 = Release|x64
		{FF3054DF-B9E9-49A9-9BCE-384C2E657262}.Release|x86.ActiveCfg = Release|Any CPU
		{FF3054DF-B9E9-49A9-9BCE-384C2E657262}.Release|x86.Build.0 = Release|Any CPU
		{12D13BC6-8F04-4409-941C-DCFB60B00D05}.Debug|Any CPU.ActiveCfg = Debug|Any CPU
		{12D13BC6-8F04-4409-941C-DCFB60B00D05}.Debug|Any CPU.Build.0 = Debug|Any CPU
		{12D13BC6-8F04-4409-941C-DCFB60B00D05}.Debug|x64.ActiveCfg = Debug|x64
		{12D13BC6-8F04-4409-941C-DCFB60B00D05}.Debug|x86.ActiveCfg = Debug|Any CPU
		{12D13BC6-8F04-4409-941C-DCFB60B00D05}.Debug|x86.Build.0 = Debug|Any CPU
		{12D13BC6-8F04-4409-941C-DCFB60B00D05}.Release|Any CPU.ActiveCfg = Release|Any CPU
		{12D13BC6-8F04-4409-941C-DCFB60B00D05}.Release|Any CPU.Build.0 = Release|Any CPU
		{12D13BC6-8F04-4409-941C-DCFB60B00D05}.Release|x64.ActiveCfg = Release|x64
		{12D13BC6-8F04-4409-941C-DCFB60B00D05}.Release|x64.Build.0 = Release|x64
		{12D13BC6-8F04-4409-941C-DCFB60B00D05}.Release|x86.ActiveCfg = Release|Any CPU
		{12D13BC6-8F04-4409-941C-DCFB60B00D05}.Release|x86.Build.0 = Release|Any CPU
		{CC6EA000-5ADF-47B3-8182-DFF8A932830C}.Debug|Any CPU.ActiveCfg = Debug|Any CPU
		{CC6EA000-5ADF-47B3-8182-DFF8A932830C}.Debug|Any CPU.Build.0 = Debug|Any CPU
		{CC6EA000-5ADF-47B3-8182-DFF8A932830C}.Debug|x64.ActiveCfg = Debug|x64
		{CC6EA000-5ADF-47B3-8182-DFF8A932830C}.Debug|x86.ActiveCfg = Debug|Any CPU
		{CC6EA000-5ADF-47B3-8182-DFF8A932830C}.Debug|x86.Build.0 = Debug|Any CPU
		{CC6EA000-5ADF-47B3-8182-DFF8A932830C}.Release|Any CPU.ActiveCfg = Release|Any CPU
		{CC6EA000-5ADF-47B3-8182-DFF8A932830C}.Release|Any CPU.Build.0 = Release|Any CPU
		{CC6EA000-5ADF-47B3-8182-DFF8A932830C}.Release|x64.ActiveCfg = Release|x64
		{CC6EA000-5ADF-47B3-8182-DFF8A932830C}.Release|x64.Build.0 = Release|x64
		{CC6EA000-5ADF-47B3-8182-DFF8A932830C}.Release|x86.ActiveCfg = Release|Any CPU
		{CC6EA000-5ADF-47B3-8182-DFF8A932830C}.Release|x86.Build.0 = Release|Any CPU
	EndGlobalSection
	GlobalSection(SolutionProperties) = preSolution
		HideSolutionNode = FALSE
	EndGlobalSection
	GlobalSection(NestedProjects) = preSolution
		{768280FF-C359-4E58-8B5C-1F682B41CC24} = {DF4D5E9C-F43E-471F-BCEF-81C1363192AB}
		{B63F5F50-AA5B-4BC2-AC61-B2A94B62C042} = {DF4D5E9C-F43E-471F-BCEF-81C1363192AB}
		{2B339DEF-FB4F-4987-A361-8B95410C438B} = {DF4D5E9C-F43E-471F-BCEF-81C1363192AB}
		{2B167169-F122-4F1F-9881-0DC8C07585B8} = {DF4D5E9C-F43E-471F-BCEF-81C1363192AB}
		{FF3054DF-B9E9-49A9-9BCE-384C2E657262} = {DF4D5E9C-F43E-471F-BCEF-81C1363192AB}
		{12D13BC6-8F04-4409-941C-DCFB60B00D05} = {44725724-AC44-466C-BDEC-3A0038DE0F7B}
		{CC6EA000-5ADF-47B3-8182-DFF8A932830C} = {44725724-AC44-466C-BDEC-3A0038DE0F7B}
	EndGlobalSection
	GlobalSection(ExtensibilityGlobals) = postSolution
		SolutionGuid = {E98B0203-D406-4EB8-AF2F-3922314698AD}
	EndGlobalSection
EndGlobal
