
Microsoft Visual Studio Solution File, Format Version 12.00
# Visual Studio 15
VisualStudioVersion = 15.0.28010.2019
MinimumVisualStudioVersion = 10.0.40219.1
Project("{9A19103F-16F7-4668-BE54-9A1E7A4F7556}") = "eFormAPI.Web", "eFormAPI.Web\eFormAPI.Web.csproj", "{701DF5E7-71CC-4187-835F-2C9E8056956B}"
EndProject
Project("{2150E333-8FDC-42A3-9474-1A3956D46DE8}") = "Tests", "Tests", "{131801C5-16CB-459B-8130-1E87CB8AE316}"
EndProject
Project("{9A19103F-16F7-4668-BE54-9A1E7A4F7556}") = "eFormAPI.Web.Tests", "eFormAPI.Web.Tests\eFormAPI.Web.Tests.csproj", "{703802AA-5C65-43F0-8DFE-C81954EE7B04}"
EndProject
Project("{9A19103F-16F7-4668-BE54-9A1E7A4F7556}") = "eFormAPI.Web.Integration.Tests", "eFormAPI.Web.Integration.Tests\eFormAPI.Web.Integration.Tests.csproj", "{608BF97D-0220-4EAC-9BCC-7C3FBC50A7D6}"
EndProject
Project("{2150E333-8FDC-42A3-9474-1A3956D46DE8}") = "DevOps", "DevOps", "{6336CFAA-297B-4F55-94EF-5F4CC2D879A7}"
EndProject
Project("{2150E333-8FDC-42A3-9474-1A3956D46DE8}") = "Plugins", "Plugins", "{4B30E560-4624-45EE-B2EA-5ED09BEAF07D}"
EndProject
Project("{2150E333-8FDC-42A3-9474-1A3956D46DE8}") = "BackendConfiguration.Pn", "BackendConfiguration.Pn", "{29C351E2-5F8C-A9BA-CC60-93E177BDEED4}"
EndProject
Project("{FAE04EC0-301F-11D3-BF4B-00C04F79EFBC}") = "BackendConfiguration.Pn", "Plugins\BackendConfiguration.Pn\BackendConfiguration.Pn\BackendConfiguration.Pn.csproj", "{CCC6228C-00D9-4B9E-8BEC-76C515DEACF6}"
EndProject
Project("{2150E333-8FDC-42A3-9474-1A3956D46DE8}") = "ItemsPlanning.Pn", "ItemsPlanning.Pn", "{29EA2FF5-91B8-0A62-95B2-2188A1784C32}"
EndProject
Project("{FAE04EC0-301F-11D3-BF4B-00C04F79EFBC}") = "ItemsPlanning.Pn", "Plugins\ItemsPlanning.Pn\ItemsPlanning.Pn\ItemsPlanning.Pn.csproj", "{ADEC9C88-47EE-4D80-A359-D7E913A05866}"
EndProject
Project("{2150E333-8FDC-42A3-9474-1A3956D46DE8}") = "TimePlanning.Pn", "TimePlanning.Pn", "{2ECC2CD3-0F12-D41A-F141-726896FABFD6}"
EndProject
Project("{FAE04EC0-301F-11D3-BF4B-00C04F79EFBC}") = "TimePlanning.Pn", "Plugins\TimePlanning.Pn\TimePlanning.Pn\TimePlanning.Pn.csproj", "{230CAC4F-7756-47E0-9578-B8932539EFBF}"
EndProject
Project("{2150E333-8FDC-42A3-9474-1A3956D46DE8}") = "GreateBelt.Pn", "GreateBelt.Pn", "{29B87C92-3661-2507-07D9-2CF6C4D6735A}"
EndProject
Project("{FAE04EC0-301F-11D3-BF4B-00C04F79EFBC}") = "GreateBelt.Pn", "Plugins\GreateBelt.Pn\GreateBelt.Pn\GreateBelt.Pn.csproj", "{922B650A-02D2-4880-9EC3-C9E0943B7931}"
EndProject
Project("{2150E333-8FDC-42A3-9474-1A3956D46DE8}") = "OuterInnerResource.Pn", "OuterInnerResource.Pn", "{2E4B1E14-E22C-32C2-4208-CE1727615286}"
EndProject
Project("{FAE04EC0-301F-11D3-BF4B-00C04F79EFBC}") = "OuterInnerResource.Pn", "Plugins\OuterInnerResource.Pn\OuterInnerResource.Pn\OuterInnerResource.Pn.csproj", "{5A7EC291-F070-45EE-B682-ABCAD83DF6ED}"
EndProject
Project("{2150E333-8FDC-42A3-9474-1A3956D46DE8}") = "Workflow.Pn", "Workflow.Pn", "{7FD94732-ACDC-93DB-1CC4-9531BA1DB4E9}"
EndProject
Project("{FAE04EC0-301F-11D3-BF4B-00C04F79EFBC}") = "Workflow.Pn", "Plugins\Workflow.Pn\Workflow.Pn\Workflow.Pn.csproj", "{4EC9DBC5-BDA7-4DA6-99EE-A6984660EF5A}"
EndProject
Project("{2150E333-8FDC-42A3-9474-1A3956D46DE8}") = "InsightDashboard.Pn", "InsightDashboard.Pn", "{84326870-9F58-C515-A1AB-D44405694EE9}"
EndProject
Project("{FAE04EC0-301F-11D3-BF4B-00C04F79EFBC}") = "InsightDashboard.Pn", "Plugins\InsightDashboard.Pn\InsightDashboard.Pn\InsightDashboard.Pn.csproj", "{937C95E4-AB26-4475-A68E-CC44D01409F4}"
EndProject
Project("{2150E333-8FDC-42A3-9474-1A3956D46DE8}") = "Kanban.Pn", "Kanban.Pn", "{CB01F081-3EC7-6121-C744-B0222AE22A5D}"
EndProject
Project("{FAE04EC0-301F-11D3-BF4B-00C04F79EFBC}") = "Kanban.Pn", "Plugins\Kanban.Pn\Kanban.Pn\Kanban.Pn.csproj", "{A8B78DD1-E0D9-4BC5-8365-F2DAD12C1547}"
EndProject
Global
	GlobalSection(SolutionConfigurationPlatforms) = preSolution
		Debug|Any CPU = Debug|Any CPU
		Debug|x64 = Debug|x64
		Debug|x86 = Debug|x86
		Release|Any CPU = Release|Any CPU
		Release|x64 = Release|x64
		Release|x86 = Release|x86
	EndGlobalSection
	GlobalSection(ProjectConfigurationPlatforms) = postSolution
		{701DF5E7-71CC-4187-835F-2C9E8056956B}.Debug|Any CPU.ActiveCfg = Debug|Any CPU
		{701DF5E7-71CC-4187-835F-2C9E8056956B}.Debug|Any CPU.Build.0 = Debug|Any CPU
		{701DF5E7-71CC-4187-835F-2C9E8056956B}.Debug|x64.ActiveCfg = Debug|Any CPU
		{701DF5E7-71CC-4187-835F-2C9E8056956B}.Debug|x64.Build.0 = Debug|Any CPU
		{701DF5E7-71CC-4187-835F-2C9E8056956B}.Debug|x86.ActiveCfg = Debug|Any CPU
		{701DF5E7-71CC-4187-835F-2C9E8056956B}.Debug|x86.Build.0 = Debug|Any CPU
		{701DF5E7-71CC-4187-835F-2C9E8056956B}.Release|Any CPU.ActiveCfg = Release|Any CPU
		{701DF5E7-71CC-4187-835F-2C9E8056956B}.Release|Any CPU.Build.0 = Release|Any CPU
		{701DF5E7-71CC-4187-835F-2C9E8056956B}.Release|x64.ActiveCfg = Release|Any CPU
		{701DF5E7-71CC-4187-835F-2C9E8056956B}.Release|x86.ActiveCfg = Release|Any CPU
		{701DF5E7-71CC-4187-835F-2C9E8056956B}.Release|x86.Build.0 = Release|Any CPU
		{703802AA-5C65-43F0-8DFE-C81954EE7B04}.Debug|Any CPU.ActiveCfg = Debug|Any CPU
		{703802AA-5C65-43F0-8DFE-C81954EE7B04}.Debug|Any CPU.Build.0 = Debug|Any CPU
		{703802AA-5C65-43F0-8DFE-C81954EE7B04}.Debug|x64.ActiveCfg = Debug|Any CPU
		{703802AA-5C65-43F0-8DFE-C81954EE7B04}.Debug|x64.Build.0 = Debug|Any CPU
		{703802AA-5C65-43F0-8DFE-C81954EE7B04}.Debug|x86.ActiveCfg = Debug|Any CPU
		{703802AA-5C65-43F0-8DFE-C81954EE7B04}.Debug|x86.Build.0 = Debug|Any CPU
		{703802AA-5C65-43F0-8DFE-C81954EE7B04}.Release|Any CPU.ActiveCfg = Release|Any CPU
		{703802AA-5C65-43F0-8DFE-C81954EE7B04}.Release|Any CPU.Build.0 = Release|Any CPU
		{703802AA-5C65-43F0-8DFE-C81954EE7B04}.Release|x64.ActiveCfg = Release|Any CPU
		{703802AA-5C65-43F0-8DFE-C81954EE7B04}.Release|x86.ActiveCfg = Release|Any CPU
		{703802AA-5C65-43F0-8DFE-C81954EE7B04}.Release|x86.Build.0 = Release|Any CPU
		{608BF97D-0220-4EAC-9BCC-7C3FBC50A7D6}.Debug|Any CPU.ActiveCfg = Debug|Any CPU
		{608BF97D-0220-4EAC-9BCC-7C3FBC50A7D6}.Debug|Any CPU.Build.0 = Debug|Any CPU
		{608BF97D-0220-4EAC-9BCC-7C3FBC50A7D6}.Debug|x64.ActiveCfg = Debug|Any CPU
		{608BF97D-0220-4EAC-9BCC-7C3FBC50A7D6}.Debug|x64.Build.0 = Debug|Any CPU
		{608BF97D-0220-4EAC-9BCC-7C3FBC50A7D6}.Debug|x86.ActiveCfg = Debug|Any CPU
		{608BF97D-0220-4EAC-9BCC-7C3FBC50A7D6}.Debug|x86.Build.0 = Debug|Any CPU
		{608BF97D-0220-4EAC-9BCC-7C3FBC50A7D6}.Release|Any CPU.ActiveCfg = Release|Any CPU
		{608BF97D-0220-4EAC-9BCC-7C3FBC50A7D6}.Release|Any CPU.Build.0 = Release|Any CPU
		{608BF97D-0220-4EAC-9BCC-7C3FBC50A7D6}.Release|x64.ActiveCfg = Release|Any CPU
		{608BF97D-0220-4EAC-9BCC-7C3FBC50A7D6}.Release|x86.ActiveCfg = Release|Any CPU
		{608BF97D-0220-4EAC-9BCC-7C3FBC50A7D6}.Release|x86.Build.0 = Release|Any CPU
		{CCC6228C-00D9-4B9E-8BEC-76C515DEACF6}.Debug|Any CPU.ActiveCfg = Debug|Any CPU
		{CCC6228C-00D9-4B9E-8BEC-76C515DEACF6}.Debug|Any CPU.Build.0 = Debug|Any CPU
		{CCC6228C-00D9-4B9E-8BEC-76C515DEACF6}.Debug|x64.ActiveCfg = Debug|Any CPU
		{CCC6228C-00D9-4B9E-8BEC-76C515DEACF6}.Debug|x64.Build.0 = Debug|Any CPU
		{CCC6228C-00D9-4B9E-8BEC-76C515DEACF6}.Debug|x86.ActiveCfg = Debug|Any CPU
		{CCC6228C-00D9-4B9E-8BEC-76C515DEACF6}.Debug|x86.Build.0 = Debug|Any CPU
		{CCC6228C-00D9-4B9E-8BEC-76C515DEACF6}.Release|Any CPU.ActiveCfg = Release|Any CPU
		{CCC6228C-00D9-4B9E-8BEC-76C515DEACF6}.Release|Any CPU.Build.0 = Release|Any CPU
		{CCC6228C-00D9-4B9E-8BEC-76C515DEACF6}.Release|x64.ActiveCfg = Release|Any CPU
		{CCC6228C-00D9-4B9E-8BEC-76C515DEACF6}.Release|x64.Build.0 = Release|Any CPU
		{CCC6228C-00D9-4B9E-8BEC-76C515DEACF6}.Release|x86.ActiveCfg = Release|Any CPU
		{CCC6228C-00D9-4B9E-8BEC-76C515DEACF6}.Release|x86.Build.0 = Release|Any CPU
		{ADEC9C88-47EE-4D80-A359-D7E913A05866}.Debug|Any CPU.ActiveCfg = Debug|Any CPU
		{ADEC9C88-47EE-4D80-A359-D7E913A05866}.Debug|Any CPU.Build.0 = Debug|Any CPU
		{ADEC9C88-47EE-4D80-A359-D7E913A05866}.Debug|x64.ActiveCfg = Debug|Any CPU
		{ADEC9C88-47EE-4D80-A359-D7E913A05866}.Debug|x64.Build.0 = Debug|Any CPU
		{ADEC9C88-47EE-4D80-A359-D7E913A05866}.Debug|x86.ActiveCfg = Debug|Any CPU
		{ADEC9C88-47EE-4D80-A359-D7E913A05866}.Debug|x86.Build.0 = Debug|Any CPU
		{ADEC9C88-47EE-4D80-A359-D7E913A05866}.Release|Any CPU.ActiveCfg = Release|Any CPU
		{ADEC9C88-47EE-4D80-A359-D7E913A05866}.Release|Any CPU.Build.0 = Release|Any CPU
		{ADEC9C88-47EE-4D80-A359-D7E913A05866}.Release|x64.ActiveCfg = Release|Any CPU
		{ADEC9C88-47EE-4D80-A359-D7E913A05866}.Release|x64.Build.0 = Release|Any CPU
		{ADEC9C88-47EE-4D80-A359-D7E913A05866}.Release|x86.ActiveCfg = Release|Any CPU
		{ADEC9C88-47EE-4D80-A359-D7E913A05866}.Release|x86.Build.0 = Release|Any CPU
		{230CAC4F-7756-47E0-9578-B8932539EFBF}.Debug|Any CPU.ActiveCfg = Debug|Any CPU
		{230CAC4F-7756-47E0-9578-B8932539EFBF}.Debug|Any CPU.Build.0 = Debug|Any CPU
		{230CAC4F-7756-47E0-9578-B8932539EFBF}.Debug|x64.ActiveCfg = Debug|Any CPU
		{230CAC4F-7756-47E0-9578-B8932539EFBF}.Debug|x64.Build.0 = Debug|Any CPU
		{230CAC4F-7756-47E0-9578-B8932539EFBF}.Debug|x86.ActiveCfg = Debug|Any CPU
		{230CAC4F-7756-47E0-9578-B8932539EFBF}.Debug|x86.Build.0 = Debug|Any CPU
		{230CAC4F-7756-47E0-9578-B8932539EFBF}.Release|Any CPU.ActiveCfg = Release|Any CPU
		{230CAC4F-7756-47E0-9578-B8932539EFBF}.Release|Any CPU.Build.0 = Release|Any CPU
		{230CAC4F-7756-47E0-9578-B8932539EFBF}.Release|x64.ActiveCfg = Release|Any CPU
		{230CAC4F-7756-47E0-9578-B8932539EFBF}.Release|x64.Build.0 = Release|Any CPU
		{230CAC4F-7756-47E0-9578-B8932539EFBF}.Release|x86.ActiveCfg = Release|Any CPU
		{230CAC4F-7756-47E0-9578-B8932539EFBF}.Release|x86.Build.0 = Release|Any CPU
		{922B650A-02D2-4880-9EC3-C9E0943B7931}.Debug|Any CPU.ActiveCfg = Debug|Any CPU
		{922B650A-02D2-4880-9EC3-C9E0943B7931}.Debug|Any CPU.Build.0 = Debug|Any CPU
		{922B650A-02D2-4880-9EC3-C9E0943B7931}.Debug|x64.ActiveCfg = Debug|Any CPU
		{922B650A-02D2-4880-9EC3-C9E0943B7931}.Debug|x64.Build.0 = Debug|Any CPU
		{922B650A-02D2-4880-9EC3-C9E0943B7931}.Debug|x86.ActiveCfg = Debug|Any CPU
		{922B650A-02D2-4880-9EC3-C9E0943B7931}.Debug|x86.Build.0 = Debug|Any CPU
		{922B650A-02D2-4880-9EC3-C9E0943B7931}.Release|Any CPU.ActiveCfg = Release|Any CPU
		{922B650A-02D2-4880-9EC3-C9E0943B7931}.Release|Any CPU.Build.0 = Release|Any CPU
		{922B650A-02D2-4880-9EC3-C9E0943B7931}.Release|x64.ActiveCfg = Release|Any CPU
		{922B650A-02D2-4880-9EC3-C9E0943B7931}.Release|x64.Build.0 = Release|Any CPU
		{922B650A-02D2-4880-9EC3-C9E0943B7931}.Release|x86.ActiveCfg = Release|Any CPU
		{922B650A-02D2-4880-9EC3-C9E0943B7931}.Release|x86.Build.0 = Release|Any CPU
		{5A7EC291-F070-45EE-B682-ABCAD83DF6ED}.Debug|Any CPU.ActiveCfg = Debug|Any CPU
		{5A7EC291-F070-45EE-B682-ABCAD83DF6ED}.Debug|Any CPU.Build.0 = Debug|Any CPU
		{5A7EC291-F070-45EE-B682-ABCAD83DF6ED}.Debug|x64.ActiveCfg = Debug|Any CPU
		{5A7EC291-F070-45EE-B682-ABCAD83DF6ED}.Debug|x64.Build.0 = Debug|Any CPU
		{5A7EC291-F070-45EE-B682-ABCAD83DF6ED}.Debug|x86.ActiveCfg = Debug|Any CPU
		{5A7EC291-F070-45EE-B682-ABCAD83DF6ED}.Debug|x86.Build.0 = Debug|Any CPU
		{5A7EC291-F070-45EE-B682-ABCAD83DF6ED}.Release|Any CPU.ActiveCfg = Release|Any CPU
		{5A7EC291-F070-45EE-B682-ABCAD83DF6ED}.Release|Any CPU.Build.0 = Release|Any CPU
		{5A7EC291-F070-45EE-B682-ABCAD83DF6ED}.Release|x64.ActiveCfg = Release|Any CPU
		{5A7EC291-F070-45EE-B682-ABCAD83DF6ED}.Release|x64.Build.0 = Release|Any CPU
		{5A7EC291-F070-45EE-B682-ABCAD83DF6ED}.Release|x86.ActiveCfg = Release|Any CPU
		{5A7EC291-F070-45EE-B682-ABCAD83DF6ED}.Release|x86.Build.0 = Release|Any CPU
		{4EC9DBC5-BDA7-4DA6-99EE-A6984660EF5A}.Debug|Any CPU.ActiveCfg = Debug|Any CPU
		{4EC9DBC5-BDA7-4DA6-99EE-A6984660EF5A}.Debug|Any CPU.Build.0 = Debug|Any CPU
		{4EC9DBC5-BDA7-4DA6-99EE-A6984660EF5A}.Debug|x64.ActiveCfg = Debug|Any CPU
		{4EC9DBC5-BDA7-4DA6-99EE-A6984660EF5A}.Debug|x64.Build.0 = Debug|Any CPU
		{4EC9DBC5-BDA7-4DA6-99EE-A6984660EF5A}.Debug|x86.ActiveCfg = Debug|Any CPU
		{4EC9DBC5-BDA7-4DA6-99EE-A6984660EF5A}.Debug|x86.Build.0 = Debug|Any CPU
		{4EC9DBC5-BDA7-4DA6-99EE-A6984660EF5A}.Release|Any CPU.ActiveCfg = Release|Any CPU
		{4EC9DBC5-BDA7-4DA6-99EE-A6984660EF5A}.Release|Any CPU.Build.0 = Release|Any CPU
		{4EC9DBC5-BDA7-4DA6-99EE-A6984660EF5A}.Release|x64.ActiveCfg = Release|Any CPU
		{4EC9DBC5-BDA7-4DA6-99EE-A6984660EF5A}.Release|x64.Build.0 = Release|Any CPU
		{4EC9DBC5-BDA7-4DA6-99EE-A6984660EF5A}.Release|x86.ActiveCfg = Release|Any CPU
		{4EC9DBC5-BDA7-4DA6-99EE-A6984660EF5A}.Release|x86.Build.0 = Release|Any CPU
		{937C95E4-AB26-4475-A68E-CC44D01409F4}.Debug|Any CPU.ActiveCfg = Debug|Any CPU
		{937C95E4-AB26-4475-A68E-CC44D01409F4}.Debug|Any CPU.Build.0 = Debug|Any CPU
		{937C95E4-AB26-4475-A68E-CC44D01409F4}.Debug|x64.ActiveCfg = Debug|Any CPU
		{937C95E4-AB26-4475-A68E-CC44D01409F4}.Debug|x64.Build.0 = Debug|Any CPU
		{937C95E4-AB26-4475-A68E-CC44D01409F4}.Debug|x86.ActiveCfg = Debug|Any CPU
		{937C95E4-AB26-4475-A68E-CC44D01409F4}.Debug|x86.Build.0 = Debug|Any CPU
		{937C95E4-AB26-4475-A68E-CC44D01409F4}.Release|Any CPU.ActiveCfg = Release|Any CPU
		{937C95E4-AB26-4475-A68E-CC44D01409F4}.Release|Any CPU.Build.0 = Release|Any CPU
		{937C95E4-AB26-4475-A68E-CC44D01409F4}.Release|x64.ActiveCfg = Release|Any CPU
		{937C95E4-AB26-4475-A68E-CC44D01409F4}.Release|x64.Build.0 = Release|Any CPU
		{937C95E4-AB26-4475-A68E-CC44D01409F4}.Release|x86.ActiveCfg = Release|Any CPU
		{937C95E4-AB26-4475-A68E-CC44D01409F4}.Release|x86.Build.0 = Release|Any CPU
		{A8B78DD1-E0D9-4BC5-8365-F2DAD12C1547}.Debug|Any CPU.ActiveCfg = Debug|Any CPU
		{A8B78DD1-E0D9-4BC5-8365-F2DAD12C1547}.Debug|Any CPU.Build.0 = Debug|Any CPU
		{A8B78DD1-E0D9-4BC5-8365-F2DAD12C1547}.Debug|x64.ActiveCfg = Debug|Any CPU
		{A8B78DD1-E0D9-4BC5-8365-F2DAD12C1547}.Debug|x64.Build.0 = Debug|Any CPU
		{A8B78DD1-E0D9-4BC5-8365-F2DAD12C1547}.Debug|x86.ActiveCfg = Debug|Any CPU
		{A8B78DD1-E0D9-4BC5-8365-F2DAD12C1547}.Debug|x86.Build.0 = Debug|Any CPU
		{A8B78DD1-E0D9-4BC5-8365-F2DAD12C1547}.Release|Any CPU.ActiveCfg = Release|Any CPU
		{A8B78DD1-E0D9-4BC5-8365-F2DAD12C1547}.Release|Any CPU.Build.0 = Release|Any CPU
		{A8B78DD1-E0D9-4BC5-8365-F2DAD12C1547}.Release|x64.ActiveCfg = Release|Any CPU
		{A8B78DD1-E0D9-4BC5-8365-F2DAD12C1547}.Release|x64.Build.0 = Release|Any CPU
		{A8B78DD1-E0D9-4BC5-8365-F2DAD12C1547}.Release|x86.ActiveCfg = Release|Any CPU
		{A8B78DD1-E0D9-4BC5-8365-F2DAD12C1547}.Release|x86.Build.0 = Release|Any CPU
	EndGlobalSection
	GlobalSection(SolutionProperties) = preSolution
		HideSolutionNode = FALSE
	EndGlobalSection
	GlobalSection(NestedProjects) = preSolution
		{703802AA-5C65-43F0-8DFE-C81954EE7B04} = {131801C5-16CB-459B-8130-1E87CB8AE316}
		{608BF97D-0220-4EAC-9BCC-7C3FBC50A7D6} = {131801C5-16CB-459B-8130-1E87CB8AE316}
		{29C351E2-5F8C-A9BA-CC60-93E177BDEED4} = {4B30E560-4624-45EE-B2EA-5ED09BEAF07D}
		{CCC6228C-00D9-4B9E-8BEC-76C515DEACF6} = {29C351E2-5F8C-A9BA-CC60-93E177BDEED4}
		{29EA2FF5-91B8-0A62-95B2-2188A1784C32} = {4B30E560-4624-45EE-B2EA-5ED09BEAF07D}
		{ADEC9C88-47EE-4D80-A359-D7E913A05866} = {29EA2FF5-91B8-0A62-95B2-2188A1784C32}
		{2ECC2CD3-0F12-D41A-F141-726896FABFD6} = {4B30E560-4624-45EE-B2EA-5ED09BEAF07D}
		{230CAC4F-7756-47E0-9578-B8932539EFBF} = {2ECC2CD3-0F12-D41A-F141-726896FABFD6}
		{29B87C92-3661-2507-07D9-2CF6C4D6735A} = {4B30E560-4624-45EE-B2EA-5ED09BEAF07D}
		{922B650A-02D2-4880-9EC3-C9E0943B7931} = {29B87C92-3661-2507-07D9-2CF6C4D6735A}
		{2E4B1E14-E22C-32C2-4208-CE1727615286} = {4B30E560-4624-45EE-B2EA-5ED09BEAF07D}
		{5A7EC291-F070-45EE-B682-ABCAD83DF6ED} = {2E4B1E14-E22C-32C2-4208-CE1727615286}
		{7FD94732-ACDC-93DB-1CC4-9531BA1DB4E9} = {4B30E560-4624-45EE-B2EA-5ED09BEAF07D}
		{4EC9DBC5-BDA7-4DA6-99EE-A6984660EF5A} = {7FD94732-ACDC-93DB-1CC4-9531BA1DB4E9}
		{84326870-9F58-C515-A1AB-D44405694EE9} = {4B30E560-4624-45EE-B2EA-5ED09BEAF07D}
		{937C95E4-AB26-4475-A68E-CC44D01409F4} = {84326870-9F58-C515-A1AB-D44405694EE9}
		{CB01F081-3EC7-6121-C744-B0222AE22A5D} = {4B30E560-4624-45EE-B2EA-5ED09BEAF07D}
		{A8B78DD1-E0D9-4BC5-8365-F2DAD12C1547} = {CB01F081-3EC7-6121-C744-B0222AE22A5D}
	EndGlobalSection
	GlobalSection(ExtensibilityGlobals) = postSolution
		SolutionGuid = {0F38F222-1D6F-47EB-AAF2-B091C96A93FD}
	EndGlobalSection
EndGlobal
