
Microsoft Visual Studio Solution File, Format Version 12.00
Project("{FAE04EC0-301F-11D3-BF4B-00C04F79EFBC}") = "Monitoring.Pn", "Monitoring.Pn\Monitoring.Pn.csproj", "{7F155937-1625-4CBE-9BDE-99C2ACEE84C1}"
EndProject
Project("{2150E333-8FDC-42A3-9474-1A3956D46DE8}") = "Test", "Test", "{6D5A051C-8AB9-4A25-BE21-30B6DB5B185E}"
EndProject
Project("{FAE04EC0-301F-11D3-BF4B-00C04F79EFBC}") = "Monitoring.Pn.Test", "Monitoring.Pn.Test\Monitoring.Pn.Test.csproj", "{04865C42-B758-4A27-96BA-771990F3DDF2}"
EndProject
Global
	GlobalSection(SolutionConfigurationPlatforms) = preSolution
		Debug|Any CPU = Debug|Any CPU
		Release|Any CPU = Release|Any CPU
	EndGlobalSection
	GlobalSection(ProjectConfigurationPlatforms) = postSolution
		{7F155937-1625-4CBE-9BDE-99C2ACEE84C1}.Debug|Any CPU.ActiveCfg = Debug|Any CPU
		{7F155937-1625-4CBE-9BDE-99C2ACEE84C1}.Debug|Any CPU.Build.0 = Debug|Any CPU
		{7F155937-1625-4CBE-9BDE-99C2ACEE84C1}.Release|Any CPU.ActiveCfg = Release|Any CPU
		{7F155937-1625-4CBE-9BDE-99C2ACEE84C1}.Release|Any CPU.Build.0 = Release|Any CPU
		{04865C42-B758-4A27-96BA-771990F3DDF2}.Debug|Any CPU.ActiveCfg = Debug|Any CPU
		{04865C42-B758-4A27-96BA-771990F3DDF2}.Debug|Any CPU.Build.0 = Debug|Any CPU
		{04865C42-B758-4A27-96BA-771990F3DDF2}.Release|Any CPU.ActiveCfg = Release|Any CPU
		{04865C42-B758-4A27-96BA-771990F3DDF2}.Release|Any CPU.Build.0 = Release|Any CPU
	EndGlobalSection
	GlobalSection(NestedProjects) = preSolution
		{04865C42-B758-4A27-96BA-771990F3DDF2} = {6D5A051C-8AB9-4A25-BE21-30B6DB5B185E}
	EndGlobalSection
EndGlobal
