
Microsoft Visual Studio Solution File, Format Version 12.00
# Visual Studio Version 16
VisualStudioVersion = 16.0.30413.136
MinimumVisualStudioVersion = 10.0.40219.1
Project("{FAE04EC0-301F-11D3-BF4B-00C04F79EFBC}") = "WorkOrders.Pn", "WorkOrders.Pn\WorkOrders.Pn.csproj", "{B2AE823B-9494-4676-A869-3016360BD234}"
EndProject
Project("{2150E333-8FDC-42A3-9474-1A3956D46DE8}") = "Tests", "Tests", "{5CA31DCC-BF50-4061-B9EF-CDC22BD6EB99}"
EndProject
Project("{FAE04EC0-301F-11D3-BF4B-00C04F79EFBC}") = "WorkOrders.Pn.Test", "WorkOrders.Pn.Test\WorkOrders.Pn.Test.csproj", "{EC774E11-D2F8-43D9-9B78-F39AF07EBF47}"
EndProject
Global
	GlobalSection(SolutionConfigurationPlatforms) = preSolution
		Debug|Any CPU = Debug|Any CPU
		Release|Any CPU = Release|Any CPU
	EndGlobalSection
	GlobalSection(ProjectConfigurationPlatforms) = postSolution
		{B2AE823B-9494-4676-A869-3016360BD234}.Debug|Any CPU.ActiveCfg = Debug|Any CPU
		{B2AE823B-9494-4676-A869-3016360BD234}.Debug|Any CPU.Build.0 = Debug|Any CPU
		{B2AE823B-9494-4676-A869-3016360BD234}.Release|Any CPU.ActiveCfg = Release|Any CPU
		{B2AE823B-9494-4676-A869-3016360BD234}.Release|Any CPU.Build.0 = Release|Any CPU
		{EC774E11-D2F8-43D9-9B78-F39AF07EBF47}.Debug|Any CPU.ActiveCfg = Debug|Any CPU
		{EC774E11-D2F8-43D9-9B78-F39AF07EBF47}.Debug|Any CPU.Build.0 = Debug|Any CPU
		{EC774E11-D2F8-43D9-9B78-F39AF07EBF47}.Release|Any CPU.ActiveCfg = Release|Any CPU
		{EC774E11-D2F8-43D9-9B78-F39AF07EBF47}.Release|Any CPU.Build.0 = Release|Any CPU
	EndGlobalSection
	GlobalSection(SolutionProperties) = preSolution
		HideSolutionNode = FALSE
	EndGlobalSection
	GlobalSection(ExtensibilityGlobals) = postSolution
		SolutionGuid = {5A27C6E1-4A28-47F2-A18C-82BC25DFB203}
	EndGlobalSection
	GlobalSection(NestedProjects) = preSolution
		{EC774E11-D2F8-43D9-9B78-F39AF07EBF47} = {5CA31DCC-BF50-4061-B9EF-CDC22BD6EB99}
	EndGlobalSection
EndGlobal
