
Microsoft Visual Studio Solution File, Format Version 12.00
# Visual Studio 15
VisualStudioVersion = 15.0.27428.2015
MinimumVisualStudioVersion = 10.0.40219.1
Project("{FAE04EC0-301F-11D3-BF4B-00C04F79EFBC}") = "Test.Pn", "Test.Pn.csproj", "{BC0E5FA2-5CB2-483C-A298-BB1B532A7738}"
EndProject
Global
	GlobalSection(SolutionConfigurationPlatforms) = preSolution
		Debug|Any CPU = Debug|Any CPU
		Release|Any CPU = Release|Any CPU
	EndGlobalSection
	GlobalSection(ProjectConfigurationPlatforms) = postSolution
		{BC0E5FA2-5CB2-483C-A298-BB1B532A7738}.Debug|Any CPU.ActiveCfg = Debug|Any CPU
		{BC0E5FA2-5CB2-483C-A298-BB1B532A7738}.Debug|Any CPU.Build.0 = Debug|Any CPU
		{BC0E5FA2-5CB2-483C-A298-BB1B532A7738}.Release|Any CPU.ActiveCfg = Release|Any CPU
		{BC0E5FA2-5CB2-483C-A298-BB1B532A7738}.Release|Any CPU.Build.0 = Release|Any CPU
	EndGlobalSection
	GlobalSection(SolutionProperties) = preSolution
		HideSolutionNode = FALSE
	EndGlobalSection
	GlobalSection(ExtensibilityGlobals) = postSolution
		SolutionGuid = {22FBF968-580B-4D79-9BDE-86EE5ED6EDBE}
	EndGlobalSection
EndGlobal
